
Microsoft Visual Studio Solution File, Format Version 12.00
# Visual Studio Version 17
VisualStudioVersion = 17.13.35825.156 d17.13
MinimumVisualStudioVersion = 10.0.40219.1
Project("{FAE04EC0-301F-11D3-BF4B-00C04F79EFBC}") = "Predictor", "Predictor\Predictor.csproj", "{83210BBA-8A7D-4E1B-9E26-FA9C80E91F26}"
EndProject
Project("{FAE04EC0-301F-11D3-BF4B-00C04F79EFBC}") = "Application", "Application\Application.csproj", "{7666C1CA-7178-4128-A7E2-EBA788BBA230}"
EndProject
Global
	GlobalSection(SolutionConfigurationPlatforms) = preSolution
		Debug|Any CPU = Debug|Any CPU
		Release|Any CPU = Release|Any CPU
	EndGlobalSection
	GlobalSection(ProjectConfigurationPlatforms) = postSolution
		{83210BBA-8A7D-4E1B-9E26-FA9C80E91F26}.Debug|Any CPU.ActiveCfg = Debug|Any CPU
		{83210BBA-8A7D-4E1B-9E26-FA9C80E91F26}.Debug|Any CPU.Build.0 = Debug|Any CPU
		{83210BBA-8A7D-4E1B-9E26-FA9C80E91F26}.Release|Any CPU.ActiveCfg = Release|Any CPU
		{83210BBA-8A7D-4E1B-9E26-FA9C80E91F26}.Release|Any CPU.Build.0 = Release|Any CPU
		{7666C1CA-7178-4128-A7E2-EBA788BBA230}.Debug|Any CPU.ActiveCfg = Debug|Any CPU
		{7666C1CA-7178-4128-A7E2-EBA788BBA230}.Debug|Any CPU.Build.0 = Debug|Any CPU
		{7666C1CA-7178-4128-A7E2-EBA788BBA230}.Release|Any CPU.ActiveCfg = Release|Any CPU
		{7666C1CA-7178-4128-A7E2-EBA788BBA230}.Release|Any CPU.Build.0 = Release|Any CPU
	EndGlobalSection
	GlobalSection(SolutionProperties) = preSolution
		HideSolutionNode = FALSE
	EndGlobalSection
	GlobalSection(ExtensibilityGlobals) = postSolution
		SolutionGuid = {5EA230E1-FDED-4E86-9DB8-5827A9EF6522}
	EndGlobalSection
EndGlobal
